
Microsoft Visual Studio Solution File, Format Version 12.00
# Visual Studio 2013
VisualStudioVersion = 12.0.21005.1
MinimumVisualStudioVersion = 10.0.40219.1
Project("{FAE04EC0-301F-11D3-BF4B-00C04F79EFBC}") = "CTWebAPI", "CTWebAPI\CTWebAPI.csproj", "{9F4011A2-2D96-4D0C-A5A7-64413293A018}"
EndProject
Project("{FAE04EC0-301F-11D3-BF4B-00C04F79EFBC}") = "CTWebAPI.Tests", "CTWebAPI.Tests\CTWebAPI.Tests.csproj", "{596B693B-597C-4097-952D-F4754F13904B}"
EndProject
Project("{FAE04EC0-301F-11D3-BF4B-00C04F79EFBC}") = "CTWebAPI.IntergrationTests", "CTWebAPI.IntergrationTests\CTWebAPI.IntergrationTests.csproj", "{281703DA-93CE-4AE5-AD2A-B7060149EF0A}"
EndProject
Global
	GlobalSection(SolutionConfigurationPlatforms) = preSolution
		Debug|Any CPU = Debug|Any CPU
		Release|Any CPU = Release|Any CPU
	EndGlobalSection
	GlobalSection(ProjectConfigurationPlatforms) = postSolution
		{9F4011A2-2D96-4D0C-A5A7-64413293A018}.Debug|Any CPU.ActiveCfg = Debug|Any CPU
		{9F4011A2-2D96-4D0C-A5A7-64413293A018}.Debug|Any CPU.Build.0 = Debug|Any CPU
		{9F4011A2-2D96-4D0C-A5A7-64413293A018}.Release|Any CPU.ActiveCfg = Release|Any CPU
		{9F4011A2-2D96-4D0C-A5A7-64413293A018}.Release|Any CPU.Build.0 = Release|Any CPU
		{596B693B-597C-4097-952D-F4754F13904B}.Debug|Any CPU.ActiveCfg = Debug|Any CPU
		{596B693B-597C-4097-952D-F4754F13904B}.Debug|Any CPU.Build.0 = Debug|Any CPU
		{596B693B-597C-4097-952D-F4754F13904B}.Release|Any CPU.ActiveCfg = Release|Any CPU
		{596B693B-597C-4097-952D-F4754F13904B}.Release|Any CPU.Build.0 = Release|Any CPU
		{281703DA-93CE-4AE5-AD2A-B7060149EF0A}.Debug|Any CPU.ActiveCfg = Debug|Any CPU
		{281703DA-93CE-4AE5-AD2A-B7060149EF0A}.Debug|Any CPU.Build.0 = Debug|Any CPU
		{281703DA-93CE-4AE5-AD2A-B7060149EF0A}.Release|Any CPU.ActiveCfg = Release|Any CPU
		{281703DA-93CE-4AE5-AD2A-B7060149EF0A}.Release|Any CPU.Build.0 = Release|Any CPU
	EndGlobalSection
	GlobalSection(SolutionProperties) = preSolution
		HideSolutionNode = FALSE
	EndGlobalSection
EndGlobal
